
Microsoft Visual Studio Solution File, Format Version 12.00
# Visual Studio Version 17
VisualStudioVersion = 17.4.33205.214
MinimumVisualStudioVersion = 10.0.40219.1
Project("{9A19103F-16F7-4668-BE54-9A1E7A4F7556}") = "FavMovies.Web", "FavMovies.Web\FavMovies.Web.csproj", "{0D3582D0-0AA7-4840-86A5-0E7CF422CE2B}"
EndProject
Global
	GlobalSection(SolutionConfigurationPlatforms) = preSolution
		Debug|Any CPU = Debug|Any CPU
		Release|Any CPU = Release|Any CPU
	EndGlobalSection
	GlobalSection(ProjectConfigurationPlatforms) = postSolution
		{0D3582D0-0AA7-4840-86A5-0E7CF422CE2B}.Debug|Any CPU.ActiveCfg = Debug|Any CPU
		{0D3582D0-0AA7-4840-86A5-0E7CF422CE2B}.Debug|Any CPU.Build.0 = Debug|Any CPU
		{0D3582D0-0AA7-4840-86A5-0E7CF422CE2B}.Release|Any CPU.ActiveCfg = Release|Any CPU
		{0D3582D0-0AA7-4840-86A5-0E7CF422CE2B}.Release|Any CPU.Build.0 = Release|Any CPU
	EndGlobalSection
	GlobalSection(SolutionProperties) = preSolution
		HideSolutionNode = FALSE
	EndGlobalSection
	GlobalSection(ExtensibilityGlobals) = postSolution
		SolutionGuid = {978B7778-A407-4542-A900-86EBFF6720A3}
	EndGlobalSection
EndGlobal
